// !$*UTF8*$!
{
	archiveVersion = 1;
	classes = {
	};
	objectVersion = 46;
	objects = {

/* Begin PBXBuildFile section */
		DD837D501E8367FB0033A10E /* main.c in Sources */ = {isa = PBXBuildFile; fileRef = DD837D4F1E8367FB0033A10E /* main.c */; };
		DD837D591E8368030033A10E /* GLUT.framework in Frameworks */ = {isa = PBXBuildFile; fileRef = DD837D571E8368030033A10E /* GLUT.framework */; };
		DD837D5A1E8368030033A10E /* OpenGL.framework in Frameworks */ = {isa = PBXBuildFile; fileRef = DD837D581E8368030033A10E /* OpenGL.framework */; };
/* End PBXBuildFile section */

/* Begin PBXCopyFilesBuildPhase section */
		DD837D4A1E8367FB0033A10E /* CopyFiles */ = {
			isa = PBXCopyFilesBuildPhase;
			buildActionMask = 2147483647;
			dstPath = /usr/share/man/man1/;
			dstSubfolderSpec = 0;
			files = (
			);
			runOnlyForDeploymentPostprocessing = 1;
		};
/* End PBXCopyFilesBuildPhase section */

/* Begin PBXFileReference section */
		DD837D4C1E8367FB0033A10E /* Prog10 */ = {isa = PBXFileReference; explicitFileType = "compiled.mach-o.executable"; includeInIndex = 0; path = Prog10; sourceTree = BUILT_PRODUCTS_DIR; };
		DD837D4F1E8367FB0033A10E /* main.c */ = {isa = PBXFileReference; lastKnownFileType = sourcecode.c.c; path = main.c; sourceTree = "<group>"; };
		DD837D571E8368030033A10E /* GLUT.framework */ = {isa = PBXFileReference; lastKnownFileType = wrapper.framework; name = GLUT.framework; path = System/Library/Frameworks/GLUT.framework; sourceTree = SDKROOT; };
		DD837D581E8368030033A10E /* OpenGL.framework */ = {isa = PBXFileReference; lastKnownFileType = wrapper.framework; name = OpenGL.framework; path = System/Library/Frameworks/OpenGL.framework; sourceTree = SDKROOT; };
/* End PBXFileReference section */

/* Begin PBXFrameworksBuildPhase section */
		DD837D491E8367FB0033A10E /* Frameworks */ = {
			isa = PBXFrameworksBuildPhase;
			buildActionMask = 2147483647;
			files = (
				DD837D591E8368030033A10E /* GLUT.framework in Frameworks */,
				DD837D5A1E8368030033A10E /* OpenGL.framework in Frameworks */,
			);
			runOnlyForDeploymentPostprocessing = 0;
		};
/* End PBXFrameworksBuildPhase section */

/* Begin PBXGroup section */
		DD837D431E8367FB0033A10E = {
			isa = PBXGroup;
			children = (
				DD837D4E1E8367FB0033A10E /* Prog10 */,
				DD837D4D1E8367FB0033A10E /* Products */,
				DD837D561E8368030033A10E /* Frameworks */,
			);
			sourceTree = "<group>";
		};
		DD837D4D1E8367FB0033A10E /* Products */ = {
			isa = PBXGroup;
			children = (
				DD837D4C1E8367FB0033A10E /* Prog10 */,
			);
			name = Products;
			sourceTree = "<group>";
		};
		DD837D4E1E8367FB0033A10E /* Prog10 */ = {
			isa = PBXGroup;
			children = (
				DD837D4F1E8367FB0033A10E /* main.c */,
			);
			path = Prog10;
			sourceTree = "<group>";
		};
		DD837D561E8368030033A10E /* Frameworks */ = {
			isa = PBXGroup;
			children = (
				DD837D571E8368030033A10E /* GLUT.framework */,
				DD837D581E8368030033A10E /* OpenGL.framework */,
			);
			name = Frameworks;
			sourceTree = "<group>";
		};
/* End PBXGroup section */

/* Begin PBXNativeTarget section */
		DD837D4B1E8367FB0033A10E /* Prog10 */ = {
			isa = PBXNativeTarget;
			buildConfigurationList = DD837D531E8367FB0033A10E /* Build configuration list for PBXNativeTarget "Prog10" */;
			buildPhases = (
				DD837D481E8367FB0033A10E /* Sources */,
				DD837D491E8367FB0033A10E /* Frameworks */,
				DD837D4A1E8367FB0033A10E /* CopyFiles */,
			);
			buildRules = (
			);
			dependencies = (
			);
			name = Prog10;
			productName = Prog10;
			productReference = DD837D4C1E8367FB0033A10E /* Prog10 */;
			productType = "com.apple.product-type.tool";
		};
/* End PBXNativeTarget section */

/* Begin PBXProject section */
		DD837D441E8367FB0033A10E /* Project object */ = {
			isa = PBXProject;
			attributes = {
				LastUpgradeCheck = 0820;
				ORGANIZATIONNAME = Fallingstar;
				TargetAttributes = {
					DD837D4B1E8367FB0033A10E = {
						CreatedOnToolsVersion = 8.2.1;
						DevelopmentTeam = YD9WLKVCHU;
						ProvisioningStyle = Automatic;
					};
				};
			};
			buildConfigurationList = DD837D471E8367FB0033A10E /* Build configuration list for PBXProject "Prog10" */;
			compatibilityVersion = "Xcode 3.2";
			developmentRegion = English;
			hasScannedForEncodings = 0;
			knownRegions = (
				en,
			);
			mainGroup = DD837D431E8367FB0033A10E;
			productRefGroup = DD837D4D1E8367FB0033A10E /* Products */;
			projectDirPath = "";
			projectRoot = "";
			targets = (
				DD837D4B1E8367FB0033A10E /* Prog10 */,
			);
		};
/* End PBXProject section */

/* Begin PBXSourcesBuildPhase section */
		DD837D481E8367FB0033A10E /* Sources */ = {
			isa = PBXSourcesBuildPhase;
			buildActionMask = 2147483647;
			files = (
				DD837D501E8367FB0033A10E /* main.c in Sources */,
			);
			runOnlyForDeploymentPostprocessing = 0;
		};
/* End PBXSourcesBuildPhase section */

/* Begin XCBuildConfiguration section */
		DD837D511E8367FB0033A10E /* Debug */ = {
			isa = XCBuildConfiguration;
			buildSettings = {
				ALWAYS_SEARCH_USER_PATHS = NO;
				CLANG_ANALYZER_NONNULL = YES;
				CLANG_CXX_LANGUAGE_STANDARD = "gnu++0x";
				CLANG_CXX_LIBRARY = "libc++";
				CLANG_ENABLE_MODULES = YES;
				CLANG_ENABLE_OBJC_ARC = YES;
				CLANG_WARN_BOOL_CONVERSION = YES;
				CLANG_WARN_CONSTANT_CONVERSION = YES;
				CLANG_WARN_DIRECT_OBJC_ISA_USAGE = YES_ERROR;
				CLANG_WARN_DOCUMENTATION_COMMENTS = YES;
				CLANG_WARN_EMPTY_BODY = YES;
				CLANG_WARN_ENUM_CONVERSION = YES;
				CLANG_WARN_INFINITE_RECURSION = YES;
				CLANG_WARN_INT_CONVERSION = YES;
				CLANG_WARN_OBJC_ROOT_CLASS = YES_ERROR;
				CLANG_WARN_SUSPICIOUS_MOVE = YES;
				CLANG_WARN_UNREACHABLE_CODE = YES;
				CLANG_WARN__DUPLICATE_METHOD_MATCH = YES;
				CODE_SIGN_IDENTITY = "-";
				COPY_PHASE_STRIP = NO;
				DEBUG_INFORMATION_FORMAT = dwarf;
				ENABLE_STRICT_OBJC_MSGSEND = YES;
				ENABLE_TESTABILITY = YES;
				GCC_C_LANGUAGE_STANDARD = gnu99;
				GCC_DYNAMIC_NO_PIC = NO;
				GCC_NO_COMMON_BLOCKS = YES;
				GCC_OPTIMIZATION_LEVEL = 0;
				GCC_PREPROCESSOR_DEFINITIONS = (
					"DEBUG=1",
					"$(inherited)",
				);
				GCC_WARN_64_TO_32_BIT_CONVERSION = YES;
				GCC_WARN_ABOUT_RETURN_TYPE = YES_ERROR;
				GCC_WARN_UNDECLARED_SELECTOR = YES;
				GCC_WARN_UNINITIALIZED_AUTOS = YES_AGGRESSIVE;
				GCC_WARN_UNUSED_FUNCTION = YES;
				GCC_WARN_UNUSED_VARIABLE = YES;
				MACOSX_DEPLOYMENT_TARGET = 10.12;
				MTL_ENABLE_DEBUG_INFO = YES;
				ONLY_ACTIVE_ARCH = YES;
				SDKROOT = macosx;
			};
			name = Debug;
		};
		DD837D521E8367FB0033A10E /* Release */ = {
			isa = XCBuildConfiguration;
			buildSettings = {
				ALWAYS_SEARCH_USER_PATHS = NO;
				CLANG_ANALYZER_NONNULL = YES;
				CLANG_CXX_LANGUAGE_STANDARD = "gnu++0x";
				CLANG_CXX_LIBRARY = "libc++";
				CLANG_ENABLE_MODULES = YES;
				CLANG_ENABLE_OBJC_ARC = YES;
				CLANG_WARN_BOOL_CONVERSION = YES;
				CLANG_WARN_CONSTANT_CONVERSION = YES;
				CLANG_WARN_DIRECT_OBJC_ISA_USAGE = YES_ERROR;
				CLANG_WARN_DOCUMENTATION_COMMENTS = YES;
				CLANG_WARN_EMPTY_BODY = YES;
				CLANG_WARN_ENUM_CONVERSION = YES;
				CLANG_WARN_INFINITE_RECURSION = YES;
				CLANG_WARN_INT_CONVERSION = YES;
				CLANG_WARN_OBJC_ROOT_CLASS = YES_ERROR;
				CLANG_WARN_SUSPICIOUS_MOVE = YES;
				CLANG_WARN_UNREACHABLE_CODE = YES;
				CLANG_WARN__DUPLICATE_METHOD_MATCH = YES;
				CODE_SIGN_IDENTITY = "-";
				COPY_PHASE_STRIP = NO;
				DEBUG_INFORMATION_FORMAT = "dwarf-with-dsym";
				ENABLE_NS_ASSERTIONS = NO;
				ENABLE_STRICT_OBJC_MSGSEND = YES;
				GCC_C_LANGUAGE_STANDARD = gnu99;
				GCC_NO_COMMON_BLOCKS = YES;
				GCC_WARN_64_TO_32_BIT_CONVERSION = YES;
				GCC_WARN_ABOUT_RETURN_TYPE = YES_ERROR;
				GCC_WARN_UNDECLARED_SELECTOR = YES;
				GCC_WARN_UNINITIALIZED_AUTOS = YES_AGGRESSIVE;
				GCC_WARN_UNUSED_FUNCTION = YES;
				GCC_WARN_UNUSED_VARIABLE = YES;
				MACOSX_DEPLOYMENT_TARGET = 10.12;
				MTL_ENABLE_DEBUG_INFO = NO;
				SDKROOT = macosx;
			};
			name = Release;
		};
		DD837D541E8367FB0033A10E /* Debug */ = {
			isa = XCBuildConfiguration;
			buildSettings = {
				DEVELOPMENT_TEAM = YD9WLKVCHU;
				PRODUCT_NAME = "$(TARGET_NAME)";
			};
			name = Debug;
		};
		DD837D551E8367FB0033A10E /* Release */ = {
			isa = XCBuildConfiguration;
			buildSettings = {
				DEVELOPMENT_TEAM = YD9WLKVCHU;
				PRODUCT_NAME = "$(TARGET_NAME)";
			};
			name = Release;
		};
/* End XCBuildConfiguration section */

/* Begin XCConfigurationList section */
		DD837D471E8367FB0033A10E /* Build configuration list for PBXProject "Prog10" */ = {
			isa = XCConfigurationList;
			buildConfigurations = (
				DD837D511E8367FB0033A10E /* Debug */,
				DD837D521E8367FB0033A10E /* Release */,
			);
			defaultConfigurationIsVisible = 0;
			defaultConfigurationName = Release;
		};
		DD837D531E8367FB0033A10E /* Build configuration list for PBXNativeTarget "Prog10" */ = {
			isa = XCConfigurationList;
			buildConfigurations = (
				DD837D541E8367FB0033A10E /* Debug */,
				DD837D551E8367FB0033A10E /* Release */,
			);
			defaultConfigurationIsVisible = 0;
		};
/* End XCConfigurationList section */
	};
	rootObject = DD837D441E8367FB0033A10E /* Project object */;
}
