// !$*UTF8*$!
{
	archiveVersion = 1;
	classes = {
	};
	objectVersion = 46;
	objects = {

/* Begin PBXBuildFile section */
		DD8ADF441E7A2BFC004FB13A /* main.c in Sources */ = {isa = PBXBuildFile; fileRef = DD8ADF431E7A2BFC004FB13A /* main.c */; };
		DD8ADF4D1E7A2C18004FB13A /* GLUT.framework in Frameworks */ = {isa = PBXBuildFile; fileRef = DD8ADF4B1E7A2C18004FB13A /* GLUT.framework */; };
		DD8ADF4E1E7A2C18004FB13A /* OpenGL.framework in Frameworks */ = {isa = PBXBuildFile; fileRef = DD8ADF4C1E7A2C18004FB13A /* OpenGL.framework */; };
/* End PBXBuildFile section */

/* Begin PBXCopyFilesBuildPhase section */
		DD8ADF3E1E7A2BFC004FB13A /* CopyFiles */ = {
			isa = PBXCopyFilesBuildPhase;
			buildActionMask = 2147483647;
			dstPath = /usr/share/man/man1/;
			dstSubfolderSpec = 0;
			files = (
			);
			runOnlyForDeploymentPostprocessing = 1;
		};
/* End PBXCopyFilesBuildPhase section */

/* Begin PBXFileReference section */
		DD8ADF401E7A2BFC004FB13A /* Prog04 */ = {isa = PBXFileReference; explicitFileType = "compiled.mach-o.executable"; includeInIndex = 0; path = Prog04; sourceTree = BUILT_PRODUCTS_DIR; };
		DD8ADF431E7A2BFC004FB13A /* main.c */ = {isa = PBXFileReference; lastKnownFileType = sourcecode.c.c; path = main.c; sourceTree = "<group>"; };
		DD8ADF4B1E7A2C18004FB13A /* GLUT.framework */ = {isa = PBXFileReference; lastKnownFileType = wrapper.framework; name = GLUT.framework; path = System/Library/Frameworks/GLUT.framework; sourceTree = SDKROOT; };
		DD8ADF4C1E7A2C18004FB13A /* OpenGL.framework */ = {isa = PBXFileReference; lastKnownFileType = wrapper.framework; name = OpenGL.framework; path = System/Library/Frameworks/OpenGL.framework; sourceTree = SDKROOT; };
/* End PBXFileReference section */

/* Begin PBXFrameworksBuildPhase section */
		DD8ADF3D1E7A2BFC004FB13A /* Frameworks */ = {
			isa = PBXFrameworksBuildPhase;
			buildActionMask = 2147483647;
			files = (
				DD8ADF4D1E7A2C18004FB13A /* GLUT.framework in Frameworks */,
				DD8ADF4E1E7A2C18004FB13A /* OpenGL.framework in Frameworks */,
			);
			runOnlyForDeploymentPostprocessing = 0;
		};
/* End PBXFrameworksBuildPhase section */

/* Begin PBXGroup section */
		DD8ADF371E7A2BFC004FB13A = {
			isa = PBXGroup;
			children = (
				DD8ADF421E7A2BFC004FB13A /* Prog04 */,
				DD8ADF411E7A2BFC004FB13A /* Products */,
				DD8ADF4A1E7A2C18004FB13A /* Frameworks */,
			);
			sourceTree = "<group>";
		};
		DD8ADF411E7A2BFC004FB13A /* Products */ = {
			isa = PBXGroup;
			children = (
				DD8ADF401E7A2BFC004FB13A /* Prog04 */,
			);
			name = Products;
			sourceTree = "<group>";
		};
		DD8ADF421E7A2BFC004FB13A /* Prog04 */ = {
			isa = PBXGroup;
			children = (
				DD8ADF431E7A2BFC004FB13A /* main.c */,
			);
			path = Prog04;
			sourceTree = "<group>";
		};
		DD8ADF4A1E7A2C18004FB13A /* Frameworks */ = {
			isa = PBXGroup;
			children = (
				DD8ADF4B1E7A2C18004FB13A /* GLUT.framework */,
				DD8ADF4C1E7A2C18004FB13A /* OpenGL.framework */,
			);
			name = Frameworks;
			sourceTree = "<group>";
		};
/* End PBXGroup section */

/* Begin PBXNativeTarget section */
		DD8ADF3F1E7A2BFC004FB13A /* Prog04 */ = {
			isa = PBXNativeTarget;
			buildConfigurationList = DD8ADF471E7A2BFC004FB13A /* Build configuration list for PBXNativeTarget "Prog04" */;
			buildPhases = (
				DD8ADF3C1E7A2BFC004FB13A /* Sources */,
				DD8ADF3D1E7A2BFC004FB13A /* Frameworks */,
				DD8ADF3E1E7A2BFC004FB13A /* CopyFiles */,
			);
			buildRules = (
			);
			dependencies = (
			);
			name = Prog04;
			productName = Prog04;
			productReference = DD8ADF401E7A2BFC004FB13A /* Prog04 */;
			productType = "com.apple.product-type.tool";
		};
/* End PBXNativeTarget section */

/* Begin PBXProject section */
		DD8ADF381E7A2BFC004FB13A /* Project object */ = {
			isa = PBXProject;
			attributes = {
				LastUpgradeCheck = 0820;
				ORGANIZATIONNAME = Fallingstar;
				TargetAttributes = {
					DD8ADF3F1E7A2BFC004FB13A = {
						CreatedOnToolsVersion = 8.2.1;
						DevelopmentTeam = YD9WLKVCHU;
						ProvisioningStyle = Automatic;
					};
				};
			};
			buildConfigurationList = DD8ADF3B1E7A2BFC004FB13A /* Build configuration list for PBXProject "Prog04" */;
			compatibilityVersion = "Xcode 3.2";
			developmentRegion = English;
			hasScannedForEncodings = 0;
			knownRegions = (
				en,
			);
			mainGroup = DD8ADF371E7A2BFC004FB13A;
			productRefGroup = DD8ADF411E7A2BFC004FB13A /* Products */;
			projectDirPath = "";
			projectRoot = "";
			targets = (
				DD8ADF3F1E7A2BFC004FB13A /* Prog04 */,
			);
		};
/* End PBXProject section */

/* Begin PBXSourcesBuildPhase section */
		DD8ADF3C1E7A2BFC004FB13A /* Sources */ = {
			isa = PBXSourcesBuildPhase;
			buildActionMask = 2147483647;
			files = (
				DD8ADF441E7A2BFC004FB13A /* main.c in Sources */,
			);
			runOnlyForDeploymentPostprocessing = 0;
		};
/* End PBXSourcesBuildPhase section */

/* Begin XCBuildConfiguration section */
		DD8ADF451E7A2BFC004FB13A /* Debug */ = {
			isa = XCBuildConfiguration;
			buildSettings = {
				ALWAYS_SEARCH_USER_PATHS = NO;
				CLANG_ANALYZER_NONNULL = YES;
				CLANG_CXX_LANGUAGE_STANDARD = "gnu++0x";
				CLANG_CXX_LIBRARY = "libc++";
				CLANG_ENABLE_MODULES = YES;
				CLANG_ENABLE_OBJC_ARC = YES;
				CLANG_WARN_BOOL_CONVERSION = YES;
				CLANG_WARN_CONSTANT_CONVERSION = YES;
				CLANG_WARN_DIRECT_OBJC_ISA_USAGE = YES_ERROR;
				CLANG_WARN_DOCUMENTATION_COMMENTS = YES;
				CLANG_WARN_EMPTY_BODY = YES;
				CLANG_WARN_ENUM_CONVERSION = YES;
				CLANG_WARN_INFINITE_RECURSION = YES;
				CLANG_WARN_INT_CONVERSION = YES;
				CLANG_WARN_OBJC_ROOT_CLASS = YES_ERROR;
				CLANG_WARN_SUSPICIOUS_MOVE = YES;
				CLANG_WARN_UNREACHABLE_CODE = YES;
				CLANG_WARN__DUPLICATE_METHOD_MATCH = YES;
				CODE_SIGN_IDENTITY = "-";
				COPY_PHASE_STRIP = NO;
				DEBUG_INFORMATION_FORMAT = dwarf;
				ENABLE_STRICT_OBJC_MSGSEND = YES;
				ENABLE_TESTABILITY = YES;
				GCC_C_LANGUAGE_STANDARD = gnu99;
				GCC_DYNAMIC_NO_PIC = NO;
				GCC_NO_COMMON_BLOCKS = YES;
				GCC_OPTIMIZATION_LEVEL = 0;
				GCC_PREPROCESSOR_DEFINITIONS = (
					"DEBUG=1",
					"$(inherited)",
				);
				GCC_WARN_64_TO_32_BIT_CONVERSION = YES;
				GCC_WARN_ABOUT_RETURN_TYPE = YES_ERROR;
				GCC_WARN_UNDECLARED_SELECTOR = YES;
				GCC_WARN_UNINITIALIZED_AUTOS = YES_AGGRESSIVE;
				GCC_WARN_UNUSED_FUNCTION = YES;
				GCC_WARN_UNUSED_VARIABLE = YES;
				MACOSX_DEPLOYMENT_TARGET = 10.12;
				MTL_ENABLE_DEBUG_INFO = YES;
				ONLY_ACTIVE_ARCH = YES;
				SDKROOT = macosx;
			};
			name = Debug;
		};
		DD8ADF461E7A2BFC004FB13A /* Release */ = {
			isa = XCBuildConfiguration;
			buildSettings = {
				ALWAYS_SEARCH_USER_PATHS = NO;
				CLANG_ANALYZER_NONNULL = YES;
				CLANG_CXX_LANGUAGE_STANDARD = "gnu++0x";
				CLANG_CXX_LIBRARY = "libc++";
				CLANG_ENABLE_MODULES = YES;
				CLANG_ENABLE_OBJC_ARC = YES;
				CLANG_WARN_BOOL_CONVERSION = YES;
				CLANG_WARN_CONSTANT_CONVERSION = YES;
				CLANG_WARN_DIRECT_OBJC_ISA_USAGE = YES_ERROR;
				CLANG_WARN_DOCUMENTATION_COMMENTS = YES;
				CLANG_WARN_EMPTY_BODY = YES;
				CLANG_WARN_ENUM_CONVERSION = YES;
				CLANG_WARN_INFINITE_RECURSION = YES;
				CLANG_WARN_INT_CONVERSION = YES;
				CLANG_WARN_OBJC_ROOT_CLASS = YES_ERROR;
				CLANG_WARN_SUSPICIOUS_MOVE = YES;
				CLANG_WARN_UNREACHABLE_CODE = YES;
				CLANG_WARN__DUPLICATE_METHOD_MATCH = YES;
				CODE_SIGN_IDENTITY = "-";
				COPY_PHASE_STRIP = NO;
				DEBUG_INFORMATION_FORMAT = "dwarf-with-dsym";
				ENABLE_NS_ASSERTIONS = NO;
				ENABLE_STRICT_OBJC_MSGSEND = YES;
				GCC_C_LANGUAGE_STANDARD = gnu99;
				GCC_NO_COMMON_BLOCKS = YES;
				GCC_WARN_64_TO_32_BIT_CONVERSION = YES;
				GCC_WARN_ABOUT_RETURN_TYPE = YES_ERROR;
				GCC_WARN_UNDECLARED_SELECTOR = YES;
				GCC_WARN_UNINITIALIZED_AUTOS = YES_AGGRESSIVE;
				GCC_WARN_UNUSED_FUNCTION = YES;
				GCC_WARN_UNUSED_VARIABLE = YES;
				MACOSX_DEPLOYMENT_TARGET = 10.12;
				MTL_ENABLE_DEBUG_INFO = NO;
				SDKROOT = macosx;
			};
			name = Release;
		};
		DD8ADF481E7A2BFC004FB13A /* Debug */ = {
			isa = XCBuildConfiguration;
			buildSettings = {
				DEVELOPMENT_TEAM = YD9WLKVCHU;
				PRODUCT_NAME = "$(TARGET_NAME)";
			};
			name = Debug;
		};
		DD8ADF491E7A2BFC004FB13A /* Release */ = {
			isa = XCBuildConfiguration;
			buildSettings = {
				DEVELOPMENT_TEAM = YD9WLKVCHU;
				PRODUCT_NAME = "$(TARGET_NAME)";
			};
			name = Release;
		};
/* End XCBuildConfiguration section */

/* Begin XCConfigurationList section */
		DD8ADF3B1E7A2BFC004FB13A /* Build configuration list for PBXProject "Prog04" */ = {
			isa = XCConfigurationList;
			buildConfigurations = (
				DD8ADF451E7A2BFC004FB13A /* Debug */,
				DD8ADF461E7A2BFC004FB13A /* Release */,
			);
			defaultConfigurationIsVisible = 0;
			defaultConfigurationName = Release;
		};
		DD8ADF471E7A2BFC004FB13A /* Build configuration list for PBXNativeTarget "Prog04" */ = {
			isa = XCConfigurationList;
			buildConfigurations = (
				DD8ADF481E7A2BFC004FB13A /* Debug */,
				DD8ADF491E7A2BFC004FB13A /* Release */,
			);
			defaultConfigurationIsVisible = 0;
		};
/* End XCConfigurationList section */
	};
	rootObject = DD8ADF381E7A2BFC004FB13A /* Project object */;
}
